
Microsoft Visual Studio Solution File, Format Version 12.00
# Visual Studio Version 17
VisualStudioVersion = 17.0.31903.59
MinimumVisualStudioVersion = 10.0.40219.1
Project("{2150E333-8FDC-42A3-9474-1A3956D46DE8}") = "src", "src", "{827E0CD3-B72D-47B6-A68D-7590B98EB39B}"
EndProject
Project("{FAE04EC0-301F-11D3-BF4B-00C04F79EFBC}") = "BrowserApi", "src\BrowserApi\BrowserApi.csproj", "{C8FED7FC-E6B4-4133-BD93-9EFD6ABCE612}"
EndProject
Project("{FAE04EC0-301F-11D3-BF4B-00C04F79EFBC}") = "BrowserApi.JSInterop", "src\BrowserApi.JSInterop\BrowserApi.JSInterop.csproj", "{3AF8F151-7522-4CD8-BF19-7197E46AA899}"
EndProject
Project("{FAE04EC0-301F-11D3-BF4B-00C04F79EFBC}") = "BrowserApi.Blazor", "src\BrowserApi.Blazor\BrowserApi.Blazor.csproj", "{23617D69-E0AF-4F2E-AA67-7764E214BFF2}"
EndProject
Project("{FAE04EC0-301F-11D3-BF4B-00C04F79EFBC}") = "BrowserApi.Generator", "src\BrowserApi.Generator\BrowserApi.Generator.csproj", "{0FC98106-4931-4E9D-BD20-C61A1317936E}"
EndProject
Project("{2150E333-8FDC-42A3-9474-1A3956D46DE8}") = "tests", "tests", "{0AB3BF05-4346-4AA6-1389-037BE0695223}"
EndProject
Project("{FAE04EC0-301F-11D3-BF4B-00C04F79EFBC}") = "BrowserApi.Tests", "tests\BrowserApi.Tests\BrowserApi.Tests.csproj", "{8B5E21E4-5474-48D8-831F-C3D105ABF491}"
EndProject
Project("{FAE04EC0-301F-11D3-BF4B-00C04F79EFBC}") = "BrowserApi.Generator.Tests", "tests\BrowserApi.Generator.Tests\BrowserApi.Generator.Tests.csproj", "{E3AAFF75-9C34-46EF-9E7C-46FC572217E5}"
EndProject
Project("{FAE04EC0-301F-11D3-BF4B-00C04F79EFBC}") = "BrowserApi.Runtime", "src\BrowserApi.Runtime\BrowserApi.Runtime.csproj", "{B6C8A0B9-C2A0-48B1-921B-5069900E526B}"
EndProject
Project("{FAE04EC0-301F-11D3-BF4B-00C04F79EFBC}") = "BrowserApi.Runtime.Tests", "tests\BrowserApi.Runtime.Tests\BrowserApi.Runtime.Tests.csproj", "{6BBFDA6C-D6CA-4F40-BE89-08B96F0CBA84}"
EndProject
Global
	GlobalSection(SolutionConfigurationPlatforms) = preSolution
		Debug|Any CPU = Debug|Any CPU
		Debug|x64 = Debug|x64
		Debug|x86 = Debug|x86
		Release|Any CPU = Release|Any CPU
		Release|x64 = Release|x64
		Release|x86 = Release|x86
	EndGlobalSection
	GlobalSection(ProjectConfigurationPlatforms) = postSolution
		{C8FED7FC-E6B4-4133-BD93-9EFD6ABCE612}.Debug|Any CPU.ActiveCfg = Debug|Any CPU
		{C8FED7FC-E6B4-4133-BD93-9EFD6ABCE612}.Debug|Any CPU.Build.0 = Debug|Any CPU
		{C8FED7FC-E6B4-4133-BD93-9EFD6ABCE612}.Debug|x64.ActiveCfg = Debug|Any CPU
		{C8FED7FC-E6B4-4133-BD93-9EFD6ABCE612}.Debug|x64.Build.0 = Debug|Any CPU
		{C8FED7FC-E6B4-4133-BD93-9EFD6ABCE612}.Debug|x86.ActiveCfg = Debug|Any CPU
		{C8FED7FC-E6B4-4133-BD93-9EFD6ABCE612}.Debug|x86.Build.0 = Debug|Any CPU
		{C8FED7FC-E6B4-4133-BD93-9EFD6ABCE612}.Release|Any CPU.ActiveCfg = Release|Any CPU
		{C8FED7FC-E6B4-4133-BD93-9EFD6ABCE612}.Release|Any CPU.Build.0 = Release|Any CPU
		{C8FED7FC-E6B4-4133-BD93-9EFD6ABCE612}.Release|x64.ActiveCfg = Release|Any CPU
		{C8FED7FC-E6B4-4133-BD93-9EFD6ABCE612}.Release|x64.Build.0 = Release|Any CPU
		{C8FED7FC-E6B4-4133-BD93-9EFD6ABCE612}.Release|x86.ActiveCfg = Release|Any CPU
		{C8FED7FC-E6B4-4133-BD93-9EFD6ABCE612}.Release|x86.Build.0 = Release|Any CPU
		{3AF8F151-7522-4CD8-BF19-7197E46AA899}.Debug|Any CPU.ActiveCfg = Debug|Any CPU
		{3AF8F151-7522-4CD8-BF19-7197E46AA899}.Debug|Any CPU.Build.0 = Debug|Any CPU
		{3AF8F151-7522-4CD8-BF19-7197E46AA899}.Debug|x64.ActiveCfg = Debug|Any CPU
		{3AF8F151-7522-4CD8-BF19-7197E46AA899}.Debug|x64.Build.0 = Debug|Any CPU
		{3AF8F151-7522-4CD8-BF19-7197E46AA899}.Debug|x86.ActiveCfg = Debug|Any CPU
		{3AF8F151-7522-4CD8-BF19-7197E46AA899}.Debug|x86.Build.0 = Debug|Any CPU
		{3AF8F151-7522-4CD8-BF19-7197E46AA899}.Release|Any CPU.ActiveCfg = Release|Any CPU
		{3AF8F151-7522-4CD8-BF19-7197E46AA899}.Release|Any CPU.Build.0 = Release|Any CPU
		{3AF8F151-7522-4CD8-BF19-7197E46AA899}.Release|x64.ActiveCfg = Release|Any CPU
		{3AF8F151-7522-4CD8-BF19-7197E46AA899}.Release|x64.Build.0 = Release|Any CPU
		{3AF8F151-7522-4CD8-BF19-7197E46AA899}.Release|x86.ActiveCfg = Release|Any CPU
		{3AF8F151-7522-4CD8-BF19-7197E46AA899}.Release|x86.Build.0 = Release|Any CPU
		{23617D69-E0AF-4F2E-AA67-7764E214BFF2}.Debug|Any CPU.ActiveCfg = Debug|Any CPU
		{23617D69-E0AF-4F2E-AA67-7764E214BFF2}.Debug|Any CPU.Build.0 = Debug|Any CPU
		{23617D69-E0AF-4F2E-AA67-7764E214BFF2}.Debug|x64.ActiveCfg = Debug|Any CPU
		{23617D69-E0AF-4F2E-AA67-7764E214BFF2}.Debug|x64.Build.0 = Debug|Any CPU
		{23617D69-E0AF-4F2E-AA67-7764E214BFF2}.Debug|x86.ActiveCfg = Debug|Any CPU
		{23617D69-E0AF-4F2E-AA67-7764E214BFF2}.Debug|x86.Build.0 = Debug|Any CPU
		{23617D69-E0AF-4F2E-AA67-7764E214BFF2}.Release|Any CPU.ActiveCfg = Release|Any CPU
		{23617D69-E0AF-4F2E-AA67-7764E214BFF2}.Release|Any CPU.Build.0 = Release|Any CPU
		{23617D69-E0AF-4F2E-AA67-7764E214BFF2}.Release|x64.ActiveCfg = Release|Any CPU
		{23617D69-E0AF-4F2E-AA67-7764E214BFF2}.Release|x64.Build.0 = Release|Any CPU
		{23617D69-E0AF-4F2E-AA67-7764E214BFF2}.Release|x86.ActiveCfg = Release|Any CPU
		{23617D69-E0AF-4F2E-AA67-7764E214BFF2}.Release|x86.Build.0 = Release|Any CPU
		{0FC98106-4931-4E9D-BD20-C61A1317936E}.Debug|Any CPU.ActiveCfg = Debug|Any CPU
		{0FC98106-4931-4E9D-BD20-C61A1317936E}.Debug|Any CPU.Build.0 = Debug|Any CPU
		{0FC98106-4931-4E9D-BD20-C61A1317936E}.Debug|x64.ActiveCfg = Debug|Any CPU
		{0FC98106-4931-4E9D-BD20-C61A1317936E}.Debug|x64.Build.0 = Debug|Any CPU
		{0FC98106-4931-4E9D-BD20-C61A1317936E}.Debug|x86.ActiveCfg = Debug|Any CPU
		{0FC98106-4931-4E9D-BD20-C61A1317936E}.Debug|x86.Build.0 = Debug|Any CPU
		{0FC98106-4931-4E9D-BD20-C61A1317936E}.Release|Any CPU.ActiveCfg = Release|Any CPU
		{0FC98106-4931-4E9D-BD20-C61A1317936E}.Release|Any CPU.Build.0 = Release|Any CPU
		{0FC98106-4931-4E9D-BD20-C61A1317936E}.Release|x64.ActiveCfg = Release|Any CPU
		{0FC98106-4931-4E9D-BD20-C61A1317936E}.Release|x64.Build.0 = Release|Any CPU
		{0FC98106-4931-4E9D-BD20-C61A1317936E}.Release|x86.ActiveCfg = Release|Any CPU
		{0FC98106-4931-4E9D-BD20-C61A1317936E}.Release|x86.Build.0 = Release|Any CPU
		{8B5E21E4-5474-48D8-831F-C3D105ABF491}.Debug|Any CPU.ActiveCfg = Debug|Any CPU
		{8B5E21E4-5474-48D8-831F-C3D105ABF491}.Debug|Any CPU.Build.0 = Debug|Any CPU
		{8B5E21E4-5474-48D8-831F-C3D105ABF491}.Debug|x64.ActiveCfg = Debug|Any CPU
		{8B5E21E4-5474-48D8-831F-C3D105ABF491}.Debug|x64.Build.0 = Debug|Any CPU
		{8B5E21E4-5474-48D8-831F-C3D105ABF491}.Debug|x86.ActiveCfg = Debug|Any CPU
		{8B5E21E4-5474-48D8-831F-C3D105ABF491}.Debug|x86.Build.0 = Debug|Any CPU
		{8B5E21E4-5474-48D8-831F-C3D105ABF491}.Release|Any CPU.ActiveCfg = Release|Any CPU
		{8B5E21E4-5474-48D8-831F-C3D105ABF491}.Release|Any CPU.Build.0 = Release|Any CPU
		{8B5E21E4-5474-48D8-831F-C3D105ABF491}.Release|x64.ActiveCfg = Release|Any CPU
		{8B5E21E4-5474-48D8-831F-C3D105ABF491}.Release|x64.Build.0 = Release|Any CPU
		{8B5E21E4-5474-48D8-831F-C3D105ABF491}.Release|x86.ActiveCfg = Release|Any CPU
		{8B5E21E4-5474-48D8-831F-C3D105ABF491}.Release|x86.Build.0 = Release|Any CPU
		{E3AAFF75-9C34-46EF-9E7C-46FC572217E5}.Debug|Any CPU.ActiveCfg = Debug|Any CPU
		{E3AAFF75-9C34-46EF-9E7C-46FC572217E5}.Debug|Any CPU.Build.0 = Debug|Any CPU
		{E3AAFF75-9C34-46EF-9E7C-46FC572217E5}.Debug|x64.ActiveCfg = Debug|Any CPU
		{E3AAFF75-9C34-46EF-9E7C-46FC572217E5}.Debug|x64.Build.0 = Debug|Any CPU
		{E3AAFF75-9C34-46EF-9E7C-46FC572217E5}.Debug|x86.ActiveCfg = Debug|Any CPU
		{E3AAFF75-9C34-46EF-9E7C-46FC572217E5}.Debug|x86.Build.0 = Debug|Any CPU
		{E3AAFF75-9C34-46EF-9E7C-46FC572217E5}.Release|Any CPU.ActiveCfg = Release|Any CPU
		{E3AAFF75-9C34-46EF-9E7C-46FC572217E5}.Release|Any CPU.Build.0 = Release|Any CPU
		{E3AAFF75-9C34-46EF-9E7C-46FC572217E5}.Release|x64.ActiveCfg = Release|Any CPU
		{E3AAFF75-9C34-46EF-9E7C-46FC572217E5}.Release|x64.Build.0 = Release|Any CPU
		{E3AAFF75-9C34-46EF-9E7C-46FC572217E5}.Release|x86.ActiveCfg = Release|Any CPU
		{E3AAFF75-9C34-46EF-9E7C-46FC572217E5}.Release|x86.Build.0 = Release|Any CPU
		{B6C8A0B9-C2A0-48B1-921B-5069900E526B}.Debug|Any CPU.ActiveCfg = Debug|Any CPU
		{B6C8A0B9-C2A0-48B1-921B-5069900E526B}.Debug|Any CPU.Build.0 = Debug|Any CPU
		{B6C8A0B9-C2A0-48B1-921B-5069900E526B}.Debug|x64.ActiveCfg = Debug|Any CPU
		{B6C8A0B9-C2A0-48B1-921B-5069900E526B}.Debug|x64.Build.0 = Debug|Any CPU
		{B6C8A0B9-C2A0-48B1-921B-5069900E526B}.Debug|x86.ActiveCfg = Debug|Any CPU
		{B6C8A0B9-C2A0-48B1-921B-5069900E526B}.Debug|x86.Build.0 = Debug|Any CPU
		{B6C8A0B9-C2A0-48B1-921B-5069900E526B}.Release|Any CPU.ActiveCfg = Release|Any CPU
		{B6C8A0B9-C2A0-48B1-921B-5069900E526B}.Release|Any CPU.Build.0 = Release|Any CPU
		{B6C8A0B9-C2A0-48B1-921B-5069900E526B}.Release|x64.ActiveCfg = Release|Any CPU
		{B6C8A0B9-C2A0-48B1-921B-5069900E526B}.Release|x64.Build.0 = Release|Any CPU
		{B6C8A0B9-C2A0-48B1-921B-5069900E526B}.Release|x86.ActiveCfg = Release|Any CPU
		{B6C8A0B9-C2A0-48B1-921B-5069900E526B}.Release|x86.Build.0 = Release|Any CPU
		{6BBFDA6C-D6CA-4F40-BE89-08B96F0CBA84}.Debug|Any CPU.ActiveCfg = Debug|Any CPU
		{6BBFDA6C-D6CA-4F40-BE89-08B96F0CBA84}.Debug|Any CPU.Build.0 = Debug|Any CPU
		{6BBFDA6C-D6CA-4F40-BE89-08B96F0CBA84}.Debug|x64.ActiveCfg = Debug|Any CPU
		{6BBFDA6C-D6CA-4F40-BE89-08B96F0CBA84}.Debug|x64.Build.0 = Debug|Any CPU
		{6BBFDA6C-D6CA-4F40-BE89-08B96F0CBA84}.Debug|x86.ActiveCfg = Debug|Any CPU
		{6BBFDA6C-D6CA-4F40-BE89-08B96F0CBA84}.Debug|x86.Build.0 = Debug|Any CPU
		{6BBFDA6C-D6CA-4F40-BE89-08B96F0CBA84}.Release|Any CPU.ActiveCfg = Release|Any CPU
		{6BBFDA6C-D6CA-4F40-BE89-08B96F0CBA84}.Release|Any CPU.Build.0 = Release|Any CPU
		{6BBFDA6C-D6CA-4F40-BE89-08B96F0CBA84}.Release|x64.ActiveCfg = Release|Any CPU
		{6BBFDA6C-D6CA-4F40-BE89-08B96F0CBA84}.Release|x64.Build.0 = Release|Any CPU
		{6BBFDA6C-D6CA-4F40-BE89-08B96F0CBA84}.Release|x86.ActiveCfg = Release|Any CPU
		{6BBFDA6C-D6CA-4F40-BE89-08B96F0CBA84}.Release|x86.Build.0 = Release|Any CPU
	EndGlobalSection
	GlobalSection(SolutionProperties) = preSolution
		HideSolutionNode = FALSE
	EndGlobalSection
	GlobalSection(NestedProjects) = preSolution
		{C8FED7FC-E6B4-4133-BD93-9EFD6ABCE612} = {827E0CD3-B72D-47B6-A68D-7590B98EB39B}
		{3AF8F151-7522-4CD8-BF19-7197E46AA899} = {827E0CD3-B72D-47B6-A68D-7590B98EB39B}
		{23617D69-E0AF-4F2E-AA67-7764E214BFF2} = {827E0CD3-B72D-47B6-A68D-7590B98EB39B}
		{0FC98106-4931-4E9D-BD20-C61A1317936E} = {827E0CD3-B72D-47B6-A68D-7590B98EB39B}
		{8B5E21E4-5474-48D8-831F-C3D105ABF491} = {0AB3BF05-4346-4AA6-1389-037BE0695223}
		{E3AAFF75-9C34-46EF-9E7C-46FC572217E5} = {0AB3BF05-4346-4AA6-1389-037BE0695223}
		{B6C8A0B9-C2A0-48B1-921B-5069900E526B} = {827E0CD3-B72D-47B6-A68D-7590B98EB39B}
		{6BBFDA6C-D6CA-4F40-BE89-08B96F0CBA84} = {0AB3BF05-4346-4AA6-1389-037BE0695223}
	EndGlobalSection
EndGlobal
